// !$*UTF8*$!
{
	archiveVersion = 1;
	classes = {
	};
	objectVersion = 55;
	objects = {

/* Begin PBXBuildFile section */
		5FD7D485290FE58A004C9BBB /* SwiftUIFontIcon in Frameworks */ = {isa = PBXBuildFile; productRef = 5FD7D484290FE58A004C9BBB /* SwiftUIFontIcon */; };
		5FD7D487290FE643004C9BBB /* TransactionListViewModel.swift in Sources */ = {isa = PBXBuildFile; fileRef = 5FD7D486290FE643004C9BBB /* TransactionListViewModel.swift */; };
		5FD7D489290FEBD5004C9BBB /* RecentTransactionList.swift in Sources */ = {isa = PBXBuildFile; fileRef = 5FD7D488290FEBD5004C9BBB /* RecentTransactionList.swift */; };
		5FD7D48B2913DCB3004C9BBB /* TransactionList.swift in Sources */ = {isa = PBXBuildFile; fileRef = 5FD7D48A2913DCB3004C9BBB /* TransactionList.swift */; };
		5FD7D48E2913E64A004C9BBB /* Collections in Frameworks */ = {isa = PBXBuildFile; productRef = 5FD7D48D2913E64A004C9BBB /* Collections */; };
		5FD7D4912913E808004C9BBB /* SwiftUICharts in Frameworks */ = {isa = PBXBuildFile; productRef = 5FD7D4902913E808004C9BBB /* SwiftUICharts */; };
		5FEC9731290ECA5B00319B46 /* ExpenseTrackerApp.swift in Sources */ = {isa = PBXBuildFile; fileRef = 5FEC9730290ECA5B00319B46 /* ExpenseTrackerApp.swift */; };
		5FEC9733290ECA5B00319B46 /* ContentView.swift in Sources */ = {isa = PBXBuildFile; fileRef = 5FEC9732290ECA5B00319B46 /* ContentView.swift */; };
		5FEC9735290ECA5D00319B46 /* Assets.xcassets in Resources */ = {isa = PBXBuildFile; fileRef = 5FEC9734290ECA5D00319B46 /* Assets.xcassets */; };
		5FEC9738290ECA5D00319B46 /* Preview Assets.xcassets in Resources */ = {isa = PBXBuildFile; fileRef = 5FEC9737290ECA5D00319B46 /* Preview Assets.xcassets */; };
		5FEC973F290ECC1A00319B46 /* Extensions.swift in Sources */ = {isa = PBXBuildFile; fileRef = 5FEC973E290ECC1900319B46 /* Extensions.swift */; };
		5FEC9741290EDF5300319B46 /* TransactionModel.swift in Sources */ = {isa = PBXBuildFile; fileRef = 5FEC9740290EDF5300319B46 /* TransactionModel.swift */; };
		5FEC9743290EE80300319B46 /* PreviewData.swift in Sources */ = {isa = PBXBuildFile; fileRef = 5FEC9742290EE80300319B46 /* PreviewData.swift */; };
		5FEC9745290EE91500319B46 /* TransactionRow.swift in Sources */ = {isa = PBXBuildFile; fileRef = 5FEC9744290EE91500319B46 /* TransactionRow.swift */; };
/* End PBXBuildFile section */

/* Begin PBXFileReference section */
		5FD7D486290FE643004C9BBB /* TransactionListViewModel.swift */ = {isa = PBXFileReference; lastKnownFileType = sourcecode.swift; path = TransactionListViewModel.swift; sourceTree = "<group>"; };
		5FD7D488290FEBD5004C9BBB /* RecentTransactionList.swift */ = {isa = PBXFileReference; lastKnownFileType = sourcecode.swift; path = RecentTransactionList.swift; sourceTree = "<group>"; };
		5FD7D48A2913DCB3004C9BBB /* TransactionList.swift */ = {isa = PBXFileReference; lastKnownFileType = sourcecode.swift; path = TransactionList.swift; sourceTree = "<group>"; };
		5FEC972D290ECA5B00319B46 /* ExpenseTracker.app */ = {isa = PBXFileReference; explicitFileType = wrapper.application; includeInIndex = 0; path = ExpenseTracker.app; sourceTree = BUILT_PRODUCTS_DIR; };
		5FEC9730290ECA5B00319B46 /* ExpenseTrackerApp.swift */ = {isa = PBXFileReference; lastKnownFileType = sourcecode.swift; path = ExpenseTrackerApp.swift; sourceTree = "<group>"; };
		5FEC9732290ECA5B00319B46 /* ContentView.swift */ = {isa = PBXFileReference; lastKnownFileType = sourcecode.swift; path = ContentView.swift; sourceTree = "<group>"; };
		5FEC9734290ECA5D00319B46 /* Assets.xcassets */ = {isa = PBXFileReference; lastKnownFileType = folder.assetcatalog; path = Assets.xcassets; sourceTree = "<group>"; };
		5FEC9737290ECA5D00319B46 /* Preview Assets.xcassets */ = {isa = PBXFileReference; lastKnownFileType = folder.assetcatalog; path = "Preview Assets.xcassets"; sourceTree = "<group>"; };
		5FEC973E290ECC1900319B46 /* Extensions.swift */ = {isa = PBXFileReference; lastKnownFileType = sourcecode.swift; path = Extensions.swift; sourceTree = "<group>"; };
		5FEC9740290EDF5300319B46 /* TransactionModel.swift */ = {isa = PBXFileReference; lastKnownFileType = sourcecode.swift; path = TransactionModel.swift; sourceTree = "<group>"; };
		5FEC9742290EE80300319B46 /* PreviewData.swift */ = {isa = PBXFileReference; lastKnownFileType = sourcecode.swift; path = PreviewData.swift; sourceTree = "<group>"; };
		5FEC9744290EE91500319B46 /* TransactionRow.swift */ = {isa = PBXFileReference; lastKnownFileType = sourcecode.swift; path = TransactionRow.swift; sourceTree = "<group>"; };
/* End PBXFileReference section */

/* Begin PBXFrameworksBuildPhase section */
		5FEC972A290ECA5B00319B46 /* Frameworks */ = {
			isa = PBXFrameworksBuildPhase;
			buildActionMask = 2147483647;
			files = (
				5FD7D4912913E808004C9BBB /* SwiftUICharts in Frameworks */,
				5FD7D48E2913E64A004C9BBB /* Collections in Frameworks */,
				5FD7D485290FE58A004C9BBB /* SwiftUIFontIcon in Frameworks */,
			);
			runOnlyForDeploymentPostprocessing = 0;
		};
/* End PBXFrameworksBuildPhase section */

/* Begin PBXGroup section */
		5FEC9724290ECA5B00319B46 = {
			isa = PBXGroup;
			children = (
				5FEC972F290ECA5B00319B46 /* ExpenseTracker */,
				5FEC972E290ECA5B00319B46 /* Products */,
			);
			sourceTree = "<group>";
		};
		5FEC972E290ECA5B00319B46 /* Products */ = {
			isa = PBXGroup;
			children = (
				5FEC972D290ECA5B00319B46 /* ExpenseTracker.app */,
			);
			name = Products;
			sourceTree = "<group>";
		};
		5FEC972F290ECA5B00319B46 /* ExpenseTracker */ = {
			isa = PBXGroup;
			children = (
				5FEC9730290ECA5B00319B46 /* ExpenseTrackerApp.swift */,
				5FEC9732290ECA5B00319B46 /* ContentView.swift */,
				5FD7D488290FEBD5004C9BBB /* RecentTransactionList.swift */,
				5FEC9744290EE91500319B46 /* TransactionRow.swift */,
				5FD7D486290FE643004C9BBB /* TransactionListViewModel.swift */,
				5FD7D48A2913DCB3004C9BBB /* TransactionList.swift */,
				5FEC9740290EDF5300319B46 /* TransactionModel.swift */,
				5FEC973E290ECC1900319B46 /* Extensions.swift */,
				5FEC9734290ECA5D00319B46 /* Assets.xcassets */,
				5FEC9736290ECA5D00319B46 /* Preview Content */,
			);
			path = ExpenseTracker;
			sourceTree = "<group>";
		};
		5FEC9736290ECA5D00319B46 /* Preview Content */ = {
			isa = PBXGroup;
			children = (
				5FEC9737290ECA5D00319B46 /* Preview Assets.xcassets */,
				5FEC9742290EE80300319B46 /* PreviewData.swift */,
			);
			path = "Preview Content";
			sourceTree = "<group>";
		};
/* End PBXGroup section */

/* Begin PBXNativeTarget section */
		5FEC972C290ECA5B00319B46 /* ExpenseTracker */ = {
			isa = PBXNativeTarget;
			buildConfigurationList = 5FEC973B290ECA5D00319B46 /* Build configuration list for PBXNativeTarget "ExpenseTracker" */;
			buildPhases = (
				5FEC9729290ECA5B00319B46 /* Sources */,
				5FEC972A290ECA5B00319B46 /* Frameworks */,
				5FEC972B290ECA5B00319B46 /* Resources */,
			);
			buildRules = (
			);
			dependencies = (
			);
			name = ExpenseTracker;
			packageProductDependencies = (
				5FD7D484290FE58A004C9BBB /* SwiftUIFontIcon */,
				5FD7D48D2913E64A004C9BBB /* Collections */,
				5FD7D4902913E808004C9BBB /* SwiftUICharts */,
			);
			productName = ExpenseTracker;
			productReference = 5FEC972D290ECA5B00319B46 /* ExpenseTracker.app */;
			productType = "com.apple.product-type.application";
		};
/* End PBXNativeTarget section */

/* Begin PBXProject section */
		5FEC9725290ECA5B00319B46 /* Project object */ = {
			isa = PBXProject;
			attributes = {
				BuildIndependentTargetsInParallel = 1;
				LastSwiftUpdateCheck = 1330;
				LastUpgradeCheck = 1330;
				TargetAttributes = {
					5FEC972C290ECA5B00319B46 = {
						CreatedOnToolsVersion = 13.3;
					};
				};
			};
			buildConfigurationList = 5FEC9728290ECA5B00319B46 /* Build configuration list for PBXProject "ExpenseTracker" */;
			compatibilityVersion = "Xcode 13.0";
			developmentRegion = en;
			hasScannedForEncodings = 0;
			knownRegions = (
				en,
				Base,
			);
			mainGroup = 5FEC9724290ECA5B00319B46;
			packageReferences = (
				5FD7D483290FE58A004C9BBB /* XCRemoteSwiftPackageReference "SwiftUIFontIcon" */,
				5FD7D48C2913E64A004C9BBB /* XCRemoteSwiftPackageReference "swift-collections" */,
				5FD7D48F2913E808004C9BBB /* XCRemoteSwiftPackageReference "ChartView" */,
			);
			productRefGroup = 5FEC972E290ECA5B00319B46 /* Products */;
			projectDirPath = "";
			projectRoot = "";
			targets = (
				5FEC972C290ECA5B00319B46 /* ExpenseTracker */,
			);
		};
/* End PBXProject section */

/* Begin PBXResourcesBuildPhase section */
		5FEC972B290ECA5B00319B46 /* Resources */ = {
			isa = PBXResourcesBuildPhase;
			buildActionMask = 2147483647;
			files = (
				5FEC9738290ECA5D00319B46 /* Preview Assets.xcassets in Resources */,
				5FEC9735290ECA5D00319B46 /* Assets.xcassets in Resources */,
			);
			runOnlyForDeploymentPostprocessing = 0;
		};
/* End PBXResourcesBuildPhase section */

/* Begin PBXSourcesBuildPhase section */
		5FEC9729290ECA5B00319B46 /* Sources */ = {
			isa = PBXSourcesBuildPhase;
			buildActionMask = 2147483647;
			files = (
				5FEC9743290EE80300319B46 /* PreviewData.swift in Sources */,
				5FD7D48B2913DCB3004C9BBB /* TransactionList.swift in Sources */,
				5FD7D489290FEBD5004C9BBB /* RecentTransactionList.swift in Sources */,
				5FEC9741290EDF5300319B46 /* TransactionModel.swift in Sources */,
				5FEC9733290ECA5B00319B46 /* ContentView.swift in Sources */,
				5FEC9745290EE91500319B46 /* TransactionRow.swift in Sources */,
				5FEC973F290ECC1A00319B46 /* Extensions.swift in Sources */,
				5FD7D487290FE643004C9BBB /* TransactionListViewModel.swift in Sources */,
				5FEC9731290ECA5B00319B46 /* ExpenseTrackerApp.swift in Sources */,
			);
			runOnlyForDeploymentPostprocessing = 0;
		};
/* End PBXSourcesBuildPhase section */

/* Begin XCBuildConfiguration section */
		5FEC9739290ECA5D00319B46 /* Debug */ = {
			isa = XCBuildConfiguration;
			buildSettings = {
				ALWAYS_SEARCH_USER_PATHS = NO;
				CLANG_ANALYZER_NONNULL = YES;
				CLANG_ANALYZER_NUMBER_OBJECT_CONVERSION = YES_AGGRESSIVE;
				CLANG_CXX_LANGUAGE_STANDARD = "gnu++17";
				CLANG_ENABLE_MODULES = YES;
				CLANG_ENABLE_OBJC_ARC = YES;
				CLANG_ENABLE_OBJC_WEAK = YES;
				CLANG_WARN_BLOCK_CAPTURE_AUTORELEASING = YES;
				CLANG_WARN_BOOL_CONVERSION = YES;
				CLANG_WARN_COMMA = YES;
				CLANG_WARN_CONSTANT_CONVERSION = YES;
				CLANG_WARN_DEPRECATED_OBJC_IMPLEMENTATIONS = YES;
				CLANG_WARN_DIRECT_OBJC_ISA_USAGE = YES_ERROR;
				CLANG_WARN_DOCUMENTATION_COMMENTS = YES;
				CLANG_WARN_EMPTY_BODY = YES;
				CLANG_WARN_ENUM_CONVERSION = YES;
				CLANG_WARN_INFINITE_RECURSION = YES;
				CLANG_WARN_INT_CONVERSION = YES;
				CLANG_WARN_NON_LITERAL_NULL_CONVERSION = YES;
				CLANG_WARN_OBJC_IMPLICIT_RETAIN_SELF = YES;
				CLANG_WARN_OBJC_LITERAL_CONVERSION = YES;
				CLANG_WARN_OBJC_ROOT_CLASS = YES_ERROR;
				CLANG_WARN_QUOTED_INCLUDE_IN_FRAMEWORK_HEADER = YES;
				CLANG_WARN_RANGE_LOOP_ANALYSIS = YES;
				CLANG_WARN_STRICT_PROTOTYPES = YES;
				CLANG_WARN_SUSPICIOUS_MOVE = YES;
				CLANG_WARN_UNGUARDED_AVAILABILITY = YES_AGGRESSIVE;
				CLANG_WARN_UNREACHABLE_CODE = YES;
				CLANG_WARN__DUPLICATE_METHOD_MATCH = YES;
				COPY_PHASE_STRIP = NO;
				DEBUG_INFORMATION_FORMAT = dwarf;
				ENABLE_STRICT_OBJC_MSGSEND = YES;
				ENABLE_TESTABILITY = YES;
				GCC_C_LANGUAGE_STANDARD = gnu11;
				GCC_DYNAMIC_NO_PIC = NO;
				GCC_NO_COMMON_BLOCKS = YES;
				GCC_OPTIMIZATION_LEVEL = 0;
				GCC_PREPROCESSOR_DEFINITIONS = (
					"DEBUG=1",
					"$(inherited)",
				);
				GCC_WARN_64_TO_32_BIT_CONVERSION = YES;
				GCC_WARN_ABOUT_RETURN_TYPE = YES_ERROR;
				GCC_WARN_UNDECLARED_SELECTOR = YES;
				GCC_WARN_UNINITIALIZED_AUTOS = YES_AGGRESSIVE;
				GCC_WARN_UNUSED_FUNCTION = YES;
				GCC_WARN_UNUSED_VARIABLE = YES;
				IPHONEOS_DEPLOYMENT_TARGET = 15.4;
				MTL_ENABLE_DEBUG_INFO = INCLUDE_SOURCE;
				MTL_FAST_MATH = YES;
				ONLY_ACTIVE_ARCH = YES;
				SDKROOT = iphoneos;
				SWIFT_ACTIVE_COMPILATION_CONDITIONS = DEBUG;
				SWIFT_OPTIMIZATION_LEVEL = "-Onone";
			};
			name = Debug;
		};
		5FEC973A290ECA5D00319B46 /* Release */ = {
			isa = XCBuildConfiguration;
			buildSettings = {
				ALWAYS_SEARCH_USER_PATHS = NO;
				CLANG_ANALYZER_NONNULL = YES;
				CLANG_ANALYZER_NUMBER_OBJECT_CONVERSION = YES_AGGRESSIVE;
				CLANG_CXX_LANGUAGE_STANDARD = "gnu++17";
				CLANG_ENABLE_MODULES = YES;
				CLANG_ENABLE_OBJC_ARC = YES;
				CLANG_ENABLE_OBJC_WEAK = YES;
				CLANG_WARN_BLOCK_CAPTURE_AUTORELEASING = YES;
				CLANG_WARN_BOOL_CONVERSION = YES;
				CLANG_WARN_COMMA = YES;
				CLANG_WARN_CONSTANT_CONVERSION = YES;
				CLANG_WARN_DEPRECATED_OBJC_IMPLEMENTATIONS = YES;
				CLANG_WARN_DIRECT_OBJC_ISA_USAGE = YES_ERROR;
				CLANG_WARN_DOCUMENTATION_COMMENTS = YES;
				CLANG_WARN_EMPTY_BODY = YES;
				CLANG_WARN_ENUM_CONVERSION = YES;
				CLANG_WARN_INFINITE_RECURSION = YES;
				CLANG_WARN_INT_CONVERSION = YES;
				CLANG_WARN_NON_LITERAL_NULL_CONVERSION = YES;
				CLANG_WARN_OBJC_IMPLICIT_RETAIN_SELF = YES;
				CLANG_WARN_OBJC_LITERAL_CONVERSION = YES;
				CLANG_WARN_OBJC_ROOT_CLASS = YES_ERROR;
				CLANG_WARN_QUOTED_INCLUDE_IN_FRAMEWORK_HEADER = YES;
				CLANG_WARN_RANGE_LOOP_ANALYSIS = YES;
				CLANG_WARN_STRICT_PROTOTYPES = YES;
				CLANG_WARN_SUSPICIOUS_MOVE = YES;
				CLANG_WARN_UNGUARDED_AVAILABILITY = YES_AGGRESSIVE;
				CLANG_WARN_UNREACHABLE_CODE = YES;
				CLANG_WARN__DUPLICATE_METHOD_MATCH = YES;
				COPY_PHASE_STRIP = NO;
				DEBUG_INFORMATION_FORMAT = "dwarf-with-dsym";
				ENABLE_NS_ASSERTIONS = NO;
				ENABLE_STRICT_OBJC_MSGSEND = YES;
				GCC_C_LANGUAGE_STANDARD = gnu11;
				GCC_NO_COMMON_BLOCKS = YES;
				GCC_WARN_64_TO_32_BIT_CONVERSION = YES;
				GCC_WARN_ABOUT_RETURN_TYPE = YES_ERROR;
				GCC_WARN_UNDECLARED_SELECTOR = YES;
				GCC_WARN_UNINITIALIZED_AUTOS = YES_AGGRESSIVE;
				GCC_WARN_UNUSED_FUNCTION = YES;
				GCC_WARN_UNUSED_VARIABLE = YES;
				IPHONEOS_DEPLOYMENT_TARGET = 15.4;
				MTL_ENABLE_DEBUG_INFO = NO;
				MTL_FAST_MATH = YES;
				SDKROOT = iphoneos;
				SWIFT_COMPILATION_MODE = wholemodule;
				SWIFT_OPTIMIZATION_LEVEL = "-O";
				VALIDATE_PRODUCT = YES;
			};
			name = Release;
		};
		5FEC973C290ECA5D00319B46 /* Debug */ = {
			isa = XCBuildConfiguration;
			buildSettings = {
				ASSETCATALOG_COMPILER_APPICON_NAME = AppIcon;
				ASSETCATALOG_COMPILER_GLOBAL_ACCENT_COLOR_NAME = AccentColor;
				CODE_SIGN_STYLE = Automatic;
				CURRENT_PROJECT_VERSION = 1;
				DEVELOPMENT_ASSET_PATHS = "\"ExpenseTracker/Preview Content\"";
				DEVELOPMENT_TEAM = 9VM2Q82V3D;
				ENABLE_PREVIEWS = YES;
				GENERATE_INFOPLIST_FILE = YES;
				INFOPLIST_KEY_UIApplicationSceneManifest_Generation = YES;
				INFOPLIST_KEY_UIApplicationSupportsIndirectInputEvents = YES;
				INFOPLIST_KEY_UILaunchScreen_Generation = YES;
				INFOPLIST_KEY_UISupportedInterfaceOrientations_iPad = "UIInterfaceOrientationPortrait UIInterfaceOrientationPortraitUpsideDown UIInterfaceOrientationLandscapeLeft UIInterfaceOrientationLandscapeRight";
				INFOPLIST_KEY_UISupportedInterfaceOrientations_iPhone = "UIInterfaceOrientationPortrait UIInterfaceOrientationLandscapeLeft UIInterfaceOrientationLandscapeRight";
				LD_RUNPATH_SEARCH_PATHS = (
					"$(inherited)",
					"@executable_path/Frameworks",
				);
				MARKETING_VERSION = 1.0;
				PRODUCT_BUNDLE_IDENTIFIER = weSplit.com.ExpenseTracker;
				PRODUCT_NAME = "$(TARGET_NAME)";
				SWIFT_EMIT_LOC_STRINGS = YES;
				SWIFT_VERSION = 5.0;
				TARGETED_DEVICE_FAMILY = "1,2";
			};
			name = Debug;
		};
		5FEC973D290ECA5D00319B46 /* Release */ = {
			isa = XCBuildConfiguration;
			buildSettings = {
				ASSETCATALOG_COMPILER_APPICON_NAME = AppIcon;
				ASSETCATALOG_COMPILER_GLOBAL_ACCENT_COLOR_NAME = AccentColor;
				CODE_SIGN_STYLE = Automatic;
				CURRENT_PROJECT_VERSION = 1;
				DEVELOPMENT_ASSET_PATHS = "\"ExpenseTracker/Preview Content\"";
				DEVELOPMENT_TEAM = 9VM2Q82V3D;
				ENABLE_PREVIEWS = YES;
				GENERATE_INFOPLIST_FILE = YES;
				INFOPLIST_KEY_UIApplicationSceneManifest_Generation = YES;
				INFOPLIST_KEY_UIApplicationSupportsIndirectInputEvents = YES;
				INFOPLIST_KEY_UILaunchScreen_Generation = YES;
				INFOPLIST_KEY_UISupportedInterfaceOrientations_iPad = "UIInterfaceOrientationPortrait UIInterfaceOrientationPortraitUpsideDown UIInterfaceOrientationLandscapeLeft UIInterfaceOrientationLandscapeRight";
				INFOPLIST_KEY_UISupportedInterfaceOrientations_iPhone = "UIInterfaceOrientationPortrait UIInterfaceOrientationLandscapeLeft UIInterfaceOrientationLandscapeRight";
				LD_RUNPATH_SEARCH_PATHS = (
					"$(inherited)",
					"@executable_path/Frameworks",
				);
				MARKETING_VERSION = 1.0;
				PRODUCT_BUNDLE_IDENTIFIER = weSplit.com.ExpenseTracker;
				PRODUCT_NAME = "$(TARGET_NAME)";
				SWIFT_EMIT_LOC_STRINGS = YES;
				SWIFT_VERSION = 5.0;
				TARGETED_DEVICE_FAMILY = "1,2";
			};
			name = Release;
		};
/* End XCBuildConfiguration section */

/* Begin XCConfigurationList section */
		5FEC9728290ECA5B00319B46 /* Build configuration list for PBXProject "ExpenseTracker" */ = {
			isa = XCConfigurationList;
			buildConfigurations = (
				5FEC9739290ECA5D00319B46 /* Debug */,
				5FEC973A290ECA5D00319B46 /* Release */,
			);
			defaultConfigurationIsVisible = 0;
			defaultConfigurationName = Release;
		};
		5FEC973B290ECA5D00319B46 /* Build configuration list for PBXNativeTarget "ExpenseTracker" */ = {
			isa = XCConfigurationList;
			buildConfigurations = (
				5FEC973C290ECA5D00319B46 /* Debug */,
				5FEC973D290ECA5D00319B46 /* Release */,
			);
			defaultConfigurationIsVisible = 0;
			defaultConfigurationName = Release;
		};
/* End XCConfigurationList section */

/* Begin XCRemoteSwiftPackageReference section */
		5FD7D483290FE58A004C9BBB /* XCRemoteSwiftPackageReference "SwiftUIFontIcon" */ = {
			isa = XCRemoteSwiftPackageReference;
			repositoryURL = "https://github.com/huybuidac/SwiftUIFontIcon";
			requirement = {
				branch = master;
				kind = branch;
			};
		};
		5FD7D48C2913E64A004C9BBB /* XCRemoteSwiftPackageReference "swift-collections" */ = {
			isa = XCRemoteSwiftPackageReference;
			repositoryURL = "https://github.com/apple/swift-collections.git";
			requirement = {
				kind = upToNextMajorVersion;
				minimumVersion = 1.0.2;
			};
		};
		5FD7D48F2913E808004C9BBB /* XCRemoteSwiftPackageReference "ChartView" */ = {
			isa = XCRemoteSwiftPackageReference;
			repositoryURL = "https://github.com/AppPear/ChartView";
			requirement = {
				kind = exactVersion;
				version = "2.0.0-beta.2";
			};
		};
/* End XCRemoteSwiftPackageReference section */

/* Begin XCSwiftPackageProductDependency section */
		5FD7D484290FE58A004C9BBB /* SwiftUIFontIcon */ = {
			isa = XCSwiftPackageProductDependency;
			package = 5FD7D483290FE58A004C9BBB /* XCRemoteSwiftPackageReference "SwiftUIFontIcon" */;
			productName = SwiftUIFontIcon;
		};
		5FD7D48D2913E64A004C9BBB /* Collections */ = {
			isa = XCSwiftPackageProductDependency;
			package = 5FD7D48C2913E64A004C9BBB /* XCRemoteSwiftPackageReference "swift-collections" */;
			productName = Collections;
		};
		5FD7D4902913E808004C9BBB /* SwiftUICharts */ = {
			isa = XCSwiftPackageProductDependency;
			package = 5FD7D48F2913E808004C9BBB /* XCRemoteSwiftPackageReference "ChartView" */;
			productName = SwiftUICharts;
		};
/* End XCSwiftPackageProductDependency section */
	};
	rootObject = 5FEC9725290ECA5B00319B46 /* Project object */;
}
